
Microsoft Visual Studio Solution File, Format Version 12.00
# Visual Studio Version 17
VisualStudioVersion = 17.0.31903.59
MinimumVisualStudioVersion = 10.0.40219.1
Project("{2150E333-8FDC-42A3-9474-1A3956D46DE8}") = "Solution Items", "Solution Items", "{308AC385-5929-4E9E-8C93-F89589695CC1}"
	ProjectSection(SolutionItems) = preProject
		.editorconfig = .editorconfig
		tests\.editorconfig = tests\.editorconfig
		Directory.Build.props = Directory.Build.props
		src\Directory.Build.props = src\Directory.Build.props
		tests\Directory.Build.props = tests\Directory.Build.props
		Directory.Packages.props = Directory.Packages.props
	EndProjectSection
EndProject
Project("{2150E333-8FDC-42A3-9474-1A3956D46DE8}") = "src", "src", "{AD0E2F39-1E20-4B2A-933E-6E22FE4E1839}"
EndProject
Project("{FAE04EC0-301F-11D3-BF4B-00C04F79EFBC}") = "Commands", "src\Commands\Commands.csproj", "{38F243C9-DC8D-4606-8E48-A90F9960D991}"
EndProject
Project("{FAE04EC0-301F-11D3-BF4B-00C04F79EFBC}") = "Core", "src\Core\Core.csproj", "{B35483EC-DEB0-4E47-B6A1-E53EAE5E1D24}"
EndProject
Project("{2150E333-8FDC-42A3-9474-1A3956D46DE8}") = "tests", "tests", "{CF65217E-A221-4629-A942-2188E7B0A856}"
EndProject
Project("{2150E333-8FDC-42A3-9474-1A3956D46DE8}") = "unit", "unit", "{8B3A2A2F-5C4D-45A4-B8A1-48FECE2B3A26}"
EndProject
Project("{2150E333-8FDC-42A3-9474-1A3956D46DE8}") = "Core", "Core", "{7AEFB30F-E091-44AA-9CC3-D9BF3D1415FF}"
EndProject
Project("{FAE04EC0-301F-11D3-BF4B-00C04F79EFBC}") = "AssociatorMappingsProvider", "tests\unit\Core\AssociatorMappingsProvider\AssociatorMappingsProvider.csproj", "{DDEA4E78-C3E6-47F6-BDAA-6DD8D073969A}"
EndProject
Project("{FAE04EC0-301F-11D3-BF4B-00C04F79EFBC}") = "AssociatorMappingsCollector", "tests\unit\Core\AssociatorMappingsCollector\AssociatorMappingsCollector.csproj", "{7E168C00-9CB8-4B47-882D-6DFE95D513C2}"
EndProject
Project("{FAE04EC0-301F-11D3-BF4B-00C04F79EFBC}") = "AssociatorMapper", "tests\unit\Core\AssociatorMapper\AssociatorMapper.csproj", "{3DC672D3-0215-483D-B452-34E43A38048C}"
EndProject
Project("{2150E333-8FDC-42A3-9474-1A3956D46DE8}") = "Models", "Models", "{6ECBA179-08F0-406A-ABA0-756A91D57865}"
EndProject
Project("{FAE04EC0-301F-11D3-BF4B-00C04F79EFBC}") = "ArgumentAssociatorMappings", "tests\unit\Core\Models\ArgumentAssociatorMappings\ArgumentAssociatorMappings.csproj", "{D0C2F613-C85A-4C02-9C59-5805F794796B}"
EndProject
Project("{2150E333-8FDC-42A3-9474-1A3956D46DE8}") = "Errors", "Errors", "{FCDC3529-F641-4381-9CD9-C43025B303B7}"
EndProject
Project("{FAE04EC0-301F-11D3-BF4B-00C04F79EFBC}") = "AssociatorMapperErrorHandler", "tests\unit\Core\Errors\AssociatorMapperErrorHandler\AssociatorMapperErrorHandler.csproj", "{704D319A-CFEF-4A82-AF4F-8CD5E6B20A36}"
EndProject
Project("{FAE04EC0-301F-11D3-BF4B-00C04F79EFBC}") = "AssociatorMappingsCollectorErrorHandler", "tests\unit\Core\Errors\AssociatorMappingsCollectorErrorHandler\AssociatorMappingsCollectorErrorHandler.csproj", "{A45ADA1C-EE04-4652-B826-D99D3ADEDD56}"
EndProject
Project("{FAE04EC0-301F-11D3-BF4B-00C04F79EFBC}") = "NullAssociator", "tests\unit\Core\NullAssociator\NullAssociator.csproj", "{39C9E306-DFA1-4671-86C2-3E100F2D1819}"
EndProject
Project("{FAE04EC0-301F-11D3-BF4B-00C04F79EFBC}") = "SuccessfulArgumentAssociatorMapAttemptResult", "tests\unit\Core\Models\SuccessfulArgumentAssociatorMapAttemptResult\SuccessfulArgumentAssociatorMapAttemptResult.csproj", "{0E1D4FA4-105B-4535-8DAD-060802A97F87}"
EndProject
Project("{FAE04EC0-301F-11D3-BF4B-00C04F79EFBC}") = "UnsuccessfulArgumentAssociatorMapAttemptResult", "tests\unit\Core\Models\UnsuccessfulArgumentAssociatorMapAttemptResult\UnsuccessfulArgumentAssociatorMapAttemptResult.csproj", "{D183B613-AA96-4D85-A893-43F337E9EAE4}"
EndProject
Global
	GlobalSection(SolutionConfigurationPlatforms) = preSolution
		Debug|Any CPU = Debug|Any CPU
		Release|Any CPU = Release|Any CPU
	EndGlobalSection
	GlobalSection(ProjectConfigurationPlatforms) = postSolution
		{38F243C9-DC8D-4606-8E48-A90F9960D991}.Debug|Any CPU.ActiveCfg = Debug|Any CPU
		{38F243C9-DC8D-4606-8E48-A90F9960D991}.Debug|Any CPU.Build.0 = Debug|Any CPU
		{38F243C9-DC8D-4606-8E48-A90F9960D991}.Release|Any CPU.ActiveCfg = Release|Any CPU
		{38F243C9-DC8D-4606-8E48-A90F9960D991}.Release|Any CPU.Build.0 = Release|Any CPU
		{B35483EC-DEB0-4E47-B6A1-E53EAE5E1D24}.Debug|Any CPU.ActiveCfg = Debug|Any CPU
		{B35483EC-DEB0-4E47-B6A1-E53EAE5E1D24}.Debug|Any CPU.Build.0 = Debug|Any CPU
		{B35483EC-DEB0-4E47-B6A1-E53EAE5E1D24}.Release|Any CPU.ActiveCfg = Release|Any CPU
		{B35483EC-DEB0-4E47-B6A1-E53EAE5E1D24}.Release|Any CPU.Build.0 = Release|Any CPU
		{DDEA4E78-C3E6-47F6-BDAA-6DD8D073969A}.Debug|Any CPU.ActiveCfg = Debug|Any CPU
		{DDEA4E78-C3E6-47F6-BDAA-6DD8D073969A}.Debug|Any CPU.Build.0 = Debug|Any CPU
		{DDEA4E78-C3E6-47F6-BDAA-6DD8D073969A}.Release|Any CPU.ActiveCfg = Release|Any CPU
		{DDEA4E78-C3E6-47F6-BDAA-6DD8D073969A}.Release|Any CPU.Build.0 = Release|Any CPU
		{7E168C00-9CB8-4B47-882D-6DFE95D513C2}.Debug|Any CPU.ActiveCfg = Debug|Any CPU
		{7E168C00-9CB8-4B47-882D-6DFE95D513C2}.Debug|Any CPU.Build.0 = Debug|Any CPU
		{7E168C00-9CB8-4B47-882D-6DFE95D513C2}.Release|Any CPU.ActiveCfg = Release|Any CPU
		{7E168C00-9CB8-4B47-882D-6DFE95D513C2}.Release|Any CPU.Build.0 = Release|Any CPU
		{3DC672D3-0215-483D-B452-34E43A38048C}.Debug|Any CPU.ActiveCfg = Debug|Any CPU
		{3DC672D3-0215-483D-B452-34E43A38048C}.Debug|Any CPU.Build.0 = Debug|Any CPU
		{3DC672D3-0215-483D-B452-34E43A38048C}.Release|Any CPU.ActiveCfg = Release|Any CPU
		{3DC672D3-0215-483D-B452-34E43A38048C}.Release|Any CPU.Build.0 = Release|Any CPU
		{D0C2F613-C85A-4C02-9C59-5805F794796B}.Debug|Any CPU.ActiveCfg = Debug|Any CPU
		{D0C2F613-C85A-4C02-9C59-5805F794796B}.Debug|Any CPU.Build.0 = Debug|Any CPU
		{D0C2F613-C85A-4C02-9C59-5805F794796B}.Release|Any CPU.ActiveCfg = Release|Any CPU
		{D0C2F613-C85A-4C02-9C59-5805F794796B}.Release|Any CPU.Build.0 = Release|Any CPU
		{704D319A-CFEF-4A82-AF4F-8CD5E6B20A36}.Debug|Any CPU.ActiveCfg = Debug|Any CPU
		{704D319A-CFEF-4A82-AF4F-8CD5E6B20A36}.Debug|Any CPU.Build.0 = Debug|Any CPU
		{704D319A-CFEF-4A82-AF4F-8CD5E6B20A36}.Release|Any CPU.ActiveCfg = Release|Any CPU
		{704D319A-CFEF-4A82-AF4F-8CD5E6B20A36}.Release|Any CPU.Build.0 = Release|Any CPU
		{A45ADA1C-EE04-4652-B826-D99D3ADEDD56}.Debug|Any CPU.ActiveCfg = Debug|Any CPU
		{A45ADA1C-EE04-4652-B826-D99D3ADEDD56}.Debug|Any CPU.Build.0 = Debug|Any CPU
		{A45ADA1C-EE04-4652-B826-D99D3ADEDD56}.Release|Any CPU.ActiveCfg = Release|Any CPU
		{A45ADA1C-EE04-4652-B826-D99D3ADEDD56}.Release|Any CPU.Build.0 = Release|Any CPU
		{39C9E306-DFA1-4671-86C2-3E100F2D1819}.Debug|Any CPU.ActiveCfg = Debug|Any CPU
		{39C9E306-DFA1-4671-86C2-3E100F2D1819}.Debug|Any CPU.Build.0 = Debug|Any CPU
		{39C9E306-DFA1-4671-86C2-3E100F2D1819}.Release|Any CPU.ActiveCfg = Release|Any CPU
		{39C9E306-DFA1-4671-86C2-3E100F2D1819}.Release|Any CPU.Build.0 = Release|Any CPU
		{0E1D4FA4-105B-4535-8DAD-060802A97F87}.Debug|Any CPU.ActiveCfg = Debug|Any CPU
		{0E1D4FA4-105B-4535-8DAD-060802A97F87}.Debug|Any CPU.Build.0 = Debug|Any CPU
		{0E1D4FA4-105B-4535-8DAD-060802A97F87}.Release|Any CPU.ActiveCfg = Release|Any CPU
		{0E1D4FA4-105B-4535-8DAD-060802A97F87}.Release|Any CPU.Build.0 = Release|Any CPU
		{D183B613-AA96-4D85-A893-43F337E9EAE4}.Debug|Any CPU.ActiveCfg = Debug|Any CPU
		{D183B613-AA96-4D85-A893-43F337E9EAE4}.Debug|Any CPU.Build.0 = Debug|Any CPU
		{D183B613-AA96-4D85-A893-43F337E9EAE4}.Release|Any CPU.ActiveCfg = Release|Any CPU
		{D183B613-AA96-4D85-A893-43F337E9EAE4}.Release|Any CPU.Build.0 = Release|Any CPU
	EndGlobalSection
	GlobalSection(SolutionProperties) = preSolution
		HideSolutionNode = FALSE
	EndGlobalSection
	GlobalSection(NestedProjects) = preSolution
		{38F243C9-DC8D-4606-8E48-A90F9960D991} = {AD0E2F39-1E20-4B2A-933E-6E22FE4E1839}
		{B35483EC-DEB0-4E47-B6A1-E53EAE5E1D24} = {AD0E2F39-1E20-4B2A-933E-6E22FE4E1839}
		{8B3A2A2F-5C4D-45A4-B8A1-48FECE2B3A26} = {CF65217E-A221-4629-A942-2188E7B0A856}
		{7AEFB30F-E091-44AA-9CC3-D9BF3D1415FF} = {8B3A2A2F-5C4D-45A4-B8A1-48FECE2B3A26}
		{DDEA4E78-C3E6-47F6-BDAA-6DD8D073969A} = {7AEFB30F-E091-44AA-9CC3-D9BF3D1415FF}
		{7E168C00-9CB8-4B47-882D-6DFE95D513C2} = {7AEFB30F-E091-44AA-9CC3-D9BF3D1415FF}
		{3DC672D3-0215-483D-B452-34E43A38048C} = {7AEFB30F-E091-44AA-9CC3-D9BF3D1415FF}
		{6ECBA179-08F0-406A-ABA0-756A91D57865} = {7AEFB30F-E091-44AA-9CC3-D9BF3D1415FF}
		{D0C2F613-C85A-4C02-9C59-5805F794796B} = {6ECBA179-08F0-406A-ABA0-756A91D57865}
		{FCDC3529-F641-4381-9CD9-C43025B303B7} = {7AEFB30F-E091-44AA-9CC3-D9BF3D1415FF}
		{704D319A-CFEF-4A82-AF4F-8CD5E6B20A36} = {FCDC3529-F641-4381-9CD9-C43025B303B7}
		{A45ADA1C-EE04-4652-B826-D99D3ADEDD56} = {FCDC3529-F641-4381-9CD9-C43025B303B7}
		{39C9E306-DFA1-4671-86C2-3E100F2D1819} = {7AEFB30F-E091-44AA-9CC3-D9BF3D1415FF}
		{0E1D4FA4-105B-4535-8DAD-060802A97F87} = {6ECBA179-08F0-406A-ABA0-756A91D57865}
		{D183B613-AA96-4D85-A893-43F337E9EAE4} = {6ECBA179-08F0-406A-ABA0-756A91D57865}
	EndGlobalSection
	GlobalSection(ExtensibilityGlobals) = postSolution
		SolutionGuid = {F3AB613A-0534-464B-BAB8-891711A1421B}
	EndGlobalSection
EndGlobal
