
Microsoft Visual Studio Solution File, Format Version 12.00
# Visual Studio Version 17
VisualStudioVersion = 17.0.31903.59
MinimumVisualStudioVersion = 10.0.40219.1
Project("{2150E333-8FDC-42A3-9474-1A3956D46DE8}") = "Solution Items", "Solution Items", "{308AC385-5929-4E9E-8C93-F89589695CC1}"
	ProjectSection(SolutionItems) = preProject
		.editorconfig = .editorconfig
		tests\.editorconfig = tests\.editorconfig
		Directory.Build.props = Directory.Build.props
		src\Directory.Build.props = src\Directory.Build.props
		tests\Directory.Build.props = tests\Directory.Build.props
		Directory.Packages.props = Directory.Packages.props
	EndProjectSection
EndProject
Project("{2150E333-8FDC-42A3-9474-1A3956D46DE8}") = "src", "src", "{AD0E2F39-1E20-4B2A-933E-6E22FE4E1839}"
EndProject
Project("{FAE04EC0-301F-11D3-BF4B-00C04F79EFBC}") = "Commands", "src\Commands\Commands.csproj", "{38F243C9-DC8D-4606-8E48-A90F9960D991}"
EndProject
Project("{FAE04EC0-301F-11D3-BF4B-00C04F79EFBC}") = "Core", "src\Core\Core.csproj", "{B35483EC-DEB0-4E47-B6A1-E53EAE5E1D24}"
EndProject
Project("{2150E333-8FDC-42A3-9474-1A3956D46DE8}") = "tests", "tests", "{B327008B-D146-43FF-8D01-8811D10839BB}"
EndProject
Project("{2150E333-8FDC-42A3-9474-1A3956D46DE8}") = "unit", "unit", "{663477B2-CE41-44A0-A05E-A91F2CA2C14C}"
EndProject
Project("{2150E333-8FDC-42A3-9474-1A3956D46DE8}") = "Core", "Core", "{B8C6B03A-932D-4146-8664-ED4A90FF38AC}"
EndProject
Project("{FAE04EC0-301F-11D3-BF4B-00C04F79EFBC}") = "NullSingleArgumentAssociator", "tests\unit\Core\NullSingleArgumentAssociator\NullSingleArgumentAssociator.csproj", "{98E003CA-4EAF-469E-BC21-4805B8B59AB5}"
EndProject
Project("{2150E333-8FDC-42A3-9474-1A3956D46DE8}") = "Models", "Models", "{F4C3F93F-1942-4FC2-ADC9-00FFB65C7DAE}"
EndProject
Project("{FAE04EC0-301F-11D3-BF4B-00C04F79EFBC}") = "ArgumentAssociatorMappings", "tests\unit\Core\Models\ArgumentAssociatorMappings\ArgumentAssociatorMappings.csproj", "{3D74C9FA-606E-4AB1-9238-BF8CBDE9EF26}"
EndProject
Project("{FAE04EC0-301F-11D3-BF4B-00C04F79EFBC}") = "SuccessfulArgumentAssociatorMapAttemptResult", "tests\unit\Core\Models\SuccessfulArgumentAssociatorMapAttemptResult\SuccessfulArgumentAssociatorMapAttemptResult.csproj", "{FCF5E4D0-AA26-44CA-88F5-00F2102C75F1}"
EndProject
Project("{FAE04EC0-301F-11D3-BF4B-00C04F79EFBC}") = "UnsuccessfulArgumentAssociatorMapAttemptResult", "tests\unit\Core\Models\UnsuccessfulArgumentAssociatorMapAttemptResult\UnsuccessfulArgumentAssociatorMapAttemptResult.csproj", "{F26DBBA0-3DAE-42E8-BC20-260A32F326A3}"
EndProject
Project("{2150E333-8FDC-42A3-9474-1A3956D46DE8}") = "Errors", "Errors", "{B613B53F-3B7C-4D8F-BD7C-135C7A8226B6}"
EndProject
Project("{FAE04EC0-301F-11D3-BF4B-00C04F79EFBC}") = "ArgumentAssociatorMapperErrorHandler", "tests\unit\Core\Errors\ArgumentAssociatorMapperErrorHandler\ArgumentAssociatorMapperErrorHandler.csproj", "{1467EE34-A06C-4B79-AA59-31C4AA0AC85D}"
EndProject
Project("{FAE04EC0-301F-11D3-BF4B-00C04F79EFBC}") = "ArgumentAssociatorMappingsCollectorErrorHandler", "tests\unit\Core\Errors\ArgumentAssociatorMappingsCollectorErrorHandler\ArgumentAssociatorMappingsCollectorErrorHandler.csproj", "{6608A0B2-558A-4E6D-BBDF-AB7E286477A1}"
EndProject
Project("{FAE04EC0-301F-11D3-BF4B-00C04F79EFBC}") = "ArgumentAssociatorMapper", "tests\unit\Core\ArgumentAssociatorMapper\ArgumentAssociatorMapper.csproj", "{9568ADE3-3ABC-43FA-B9D3-FD0DEC5FC920}"
EndProject
Project("{FAE04EC0-301F-11D3-BF4B-00C04F79EFBC}") = "ArgumentAssociatorMappingsCollector", "tests\unit\Core\ArgumentAssociatorMappingsCollector\ArgumentAssociatorMappingsCollector.csproj", "{FF6C8210-39B4-4514-B99E-9BAE5F83E8EC}"
EndProject
Project("{FAE04EC0-301F-11D3-BF4B-00C04F79EFBC}") = "ArgumentAssociatorMappingsProvider", "tests\unit\Core\ArgumentAssociatorMappingsProvider\ArgumentAssociatorMappingsProvider.csproj", "{09CEA100-0A06-4473-BEFE-F990BFDB56DD}"
EndProject
Global
	GlobalSection(SolutionConfigurationPlatforms) = preSolution
		Debug|Any CPU = Debug|Any CPU
		Release|Any CPU = Release|Any CPU
	EndGlobalSection
	GlobalSection(ProjectConfigurationPlatforms) = postSolution
		{38F243C9-DC8D-4606-8E48-A90F9960D991}.Debug|Any CPU.ActiveCfg = Debug|Any CPU
		{38F243C9-DC8D-4606-8E48-A90F9960D991}.Debug|Any CPU.Build.0 = Debug|Any CPU
		{38F243C9-DC8D-4606-8E48-A90F9960D991}.Release|Any CPU.ActiveCfg = Release|Any CPU
		{38F243C9-DC8D-4606-8E48-A90F9960D991}.Release|Any CPU.Build.0 = Release|Any CPU
		{B35483EC-DEB0-4E47-B6A1-E53EAE5E1D24}.Debug|Any CPU.ActiveCfg = Debug|Any CPU
		{B35483EC-DEB0-4E47-B6A1-E53EAE5E1D24}.Debug|Any CPU.Build.0 = Debug|Any CPU
		{B35483EC-DEB0-4E47-B6A1-E53EAE5E1D24}.Release|Any CPU.ActiveCfg = Release|Any CPU
		{B35483EC-DEB0-4E47-B6A1-E53EAE5E1D24}.Release|Any CPU.Build.0 = Release|Any CPU
		{98E003CA-4EAF-469E-BC21-4805B8B59AB5}.Debug|Any CPU.ActiveCfg = Debug|Any CPU
		{98E003CA-4EAF-469E-BC21-4805B8B59AB5}.Debug|Any CPU.Build.0 = Debug|Any CPU
		{98E003CA-4EAF-469E-BC21-4805B8B59AB5}.Release|Any CPU.ActiveCfg = Release|Any CPU
		{98E003CA-4EAF-469E-BC21-4805B8B59AB5}.Release|Any CPU.Build.0 = Release|Any CPU
		{3D74C9FA-606E-4AB1-9238-BF8CBDE9EF26}.Debug|Any CPU.ActiveCfg = Debug|Any CPU
		{3D74C9FA-606E-4AB1-9238-BF8CBDE9EF26}.Debug|Any CPU.Build.0 = Debug|Any CPU
		{3D74C9FA-606E-4AB1-9238-BF8CBDE9EF26}.Release|Any CPU.ActiveCfg = Release|Any CPU
		{3D74C9FA-606E-4AB1-9238-BF8CBDE9EF26}.Release|Any CPU.Build.0 = Release|Any CPU
		{FCF5E4D0-AA26-44CA-88F5-00F2102C75F1}.Debug|Any CPU.ActiveCfg = Debug|Any CPU
		{FCF5E4D0-AA26-44CA-88F5-00F2102C75F1}.Debug|Any CPU.Build.0 = Debug|Any CPU
		{FCF5E4D0-AA26-44CA-88F5-00F2102C75F1}.Release|Any CPU.ActiveCfg = Release|Any CPU
		{FCF5E4D0-AA26-44CA-88F5-00F2102C75F1}.Release|Any CPU.Build.0 = Release|Any CPU
		{F26DBBA0-3DAE-42E8-BC20-260A32F326A3}.Debug|Any CPU.ActiveCfg = Debug|Any CPU
		{F26DBBA0-3DAE-42E8-BC20-260A32F326A3}.Debug|Any CPU.Build.0 = Debug|Any CPU
		{F26DBBA0-3DAE-42E8-BC20-260A32F326A3}.Release|Any CPU.ActiveCfg = Release|Any CPU
		{F26DBBA0-3DAE-42E8-BC20-260A32F326A3}.Release|Any CPU.Build.0 = Release|Any CPU
		{1467EE34-A06C-4B79-AA59-31C4AA0AC85D}.Debug|Any CPU.ActiveCfg = Debug|Any CPU
		{1467EE34-A06C-4B79-AA59-31C4AA0AC85D}.Debug|Any CPU.Build.0 = Debug|Any CPU
		{1467EE34-A06C-4B79-AA59-31C4AA0AC85D}.Release|Any CPU.ActiveCfg = Release|Any CPU
		{1467EE34-A06C-4B79-AA59-31C4AA0AC85D}.Release|Any CPU.Build.0 = Release|Any CPU
		{6608A0B2-558A-4E6D-BBDF-AB7E286477A1}.Debug|Any CPU.ActiveCfg = Debug|Any CPU
		{6608A0B2-558A-4E6D-BBDF-AB7E286477A1}.Debug|Any CPU.Build.0 = Debug|Any CPU
		{6608A0B2-558A-4E6D-BBDF-AB7E286477A1}.Release|Any CPU.ActiveCfg = Release|Any CPU
		{6608A0B2-558A-4E6D-BBDF-AB7E286477A1}.Release|Any CPU.Build.0 = Release|Any CPU
		{9568ADE3-3ABC-43FA-B9D3-FD0DEC5FC920}.Debug|Any CPU.ActiveCfg = Debug|Any CPU
		{9568ADE3-3ABC-43FA-B9D3-FD0DEC5FC920}.Debug|Any CPU.Build.0 = Debug|Any CPU
		{9568ADE3-3ABC-43FA-B9D3-FD0DEC5FC920}.Release|Any CPU.ActiveCfg = Release|Any CPU
		{9568ADE3-3ABC-43FA-B9D3-FD0DEC5FC920}.Release|Any CPU.Build.0 = Release|Any CPU
		{FF6C8210-39B4-4514-B99E-9BAE5F83E8EC}.Debug|Any CPU.ActiveCfg = Debug|Any CPU
		{FF6C8210-39B4-4514-B99E-9BAE5F83E8EC}.Debug|Any CPU.Build.0 = Debug|Any CPU
		{FF6C8210-39B4-4514-B99E-9BAE5F83E8EC}.Release|Any CPU.ActiveCfg = Release|Any CPU
		{FF6C8210-39B4-4514-B99E-9BAE5F83E8EC}.Release|Any CPU.Build.0 = Release|Any CPU
		{09CEA100-0A06-4473-BEFE-F990BFDB56DD}.Debug|Any CPU.ActiveCfg = Debug|Any CPU
		{09CEA100-0A06-4473-BEFE-F990BFDB56DD}.Debug|Any CPU.Build.0 = Debug|Any CPU
		{09CEA100-0A06-4473-BEFE-F990BFDB56DD}.Release|Any CPU.ActiveCfg = Release|Any CPU
		{09CEA100-0A06-4473-BEFE-F990BFDB56DD}.Release|Any CPU.Build.0 = Release|Any CPU
	EndGlobalSection
	GlobalSection(SolutionProperties) = preSolution
		HideSolutionNode = FALSE
	EndGlobalSection
	GlobalSection(NestedProjects) = preSolution
		{38F243C9-DC8D-4606-8E48-A90F9960D991} = {AD0E2F39-1E20-4B2A-933E-6E22FE4E1839}
		{B35483EC-DEB0-4E47-B6A1-E53EAE5E1D24} = {AD0E2F39-1E20-4B2A-933E-6E22FE4E1839}
		{663477B2-CE41-44A0-A05E-A91F2CA2C14C} = {B327008B-D146-43FF-8D01-8811D10839BB}
		{B8C6B03A-932D-4146-8664-ED4A90FF38AC} = {663477B2-CE41-44A0-A05E-A91F2CA2C14C}
		{98E003CA-4EAF-469E-BC21-4805B8B59AB5} = {B8C6B03A-932D-4146-8664-ED4A90FF38AC}
		{F4C3F93F-1942-4FC2-ADC9-00FFB65C7DAE} = {B8C6B03A-932D-4146-8664-ED4A90FF38AC}
		{3D74C9FA-606E-4AB1-9238-BF8CBDE9EF26} = {F4C3F93F-1942-4FC2-ADC9-00FFB65C7DAE}
		{FCF5E4D0-AA26-44CA-88F5-00F2102C75F1} = {F4C3F93F-1942-4FC2-ADC9-00FFB65C7DAE}
		{F26DBBA0-3DAE-42E8-BC20-260A32F326A3} = {F4C3F93F-1942-4FC2-ADC9-00FFB65C7DAE}
		{B613B53F-3B7C-4D8F-BD7C-135C7A8226B6} = {B8C6B03A-932D-4146-8664-ED4A90FF38AC}
		{1467EE34-A06C-4B79-AA59-31C4AA0AC85D} = {B613B53F-3B7C-4D8F-BD7C-135C7A8226B6}
		{6608A0B2-558A-4E6D-BBDF-AB7E286477A1} = {B613B53F-3B7C-4D8F-BD7C-135C7A8226B6}
		{9568ADE3-3ABC-43FA-B9D3-FD0DEC5FC920} = {B8C6B03A-932D-4146-8664-ED4A90FF38AC}
		{FF6C8210-39B4-4514-B99E-9BAE5F83E8EC} = {B8C6B03A-932D-4146-8664-ED4A90FF38AC}
		{09CEA100-0A06-4473-BEFE-F990BFDB56DD} = {B8C6B03A-932D-4146-8664-ED4A90FF38AC}
	EndGlobalSection
	GlobalSection(ExtensibilityGlobals) = postSolution
		SolutionGuid = {F3AB613A-0534-464B-BAB8-891711A1421B}
	EndGlobalSection
EndGlobal
